
Microsoft Visual Studio Solution File, Format Version 12.00
# Visual Studio 15
VisualStudioVersion = 15.0.27703.2035
MinimumVisualStudioVersion = 10.0.40219.1
Project("{FAE04EC0-301F-11D3-BF4B-00C04F79EFBC}") = "DesignPatterns2016", "DesignPatterns2016\DesignPatterns2016.csproj", "{C7C3DB88-0C69-4174-B522-6BD7E764FDE1}"
EndProject
Global
	GlobalSection(SolutionConfigurationPlatforms) = preSolution
		Debug|Any CPU = Debug|Any CPU
		Release|Any CPU = Release|Any CPU
	EndGlobalSection
	GlobalSection(ProjectConfigurationPlatforms) = postSolution
		{C7C3DB88-0C69-4174-B522-6BD7E764FDE1}.Debug|Any CPU.ActiveCfg = Debug|Any CPU
		{C7C3DB88-0C69-4174-B522-6BD7E764FDE1}.Debug|Any CPU.Build.0 = Debug|Any CPU
		{C7C3DB88-0C69-4174-B522-6BD7E764FDE1}.Release|Any CPU.ActiveCfg = Release|Any CPU
		{C7C3DB88-0C69-4174-B522-6BD7E764FDE1}.Release|Any CPU.Build.0 = Release|Any CPU
	EndGlobalSection
	GlobalSection(SolutionProperties) = preSolution
		HideSolutionNode = FALSE
	EndGlobalSection
	GlobalSection(ExtensibilityGlobals) = postSolution
		SolutionGuid = {476BB341-793D-4FFB-BC6A-329C7B5610B8}
	EndGlobalSection
EndGlobal
